Microsoft Visual Studio Solution File, Format Version 11.00
# Visual Studio 2008

Project("{EC349DAD-5350-0D84-2D8E-F7485559400A}") = "3D Lander", "Assembly-CSharp.csproj", "{EE929CC0-27EE-15B0-BCC4-7475CBFA90E2}"
EndProject
Global
	GlobalSection(SolutionConfigurationPlatforms) = preSolution
		Debug|Any CPU = Debug|Any CPU
		Release|Any CPU = Release|Any CPU
	EndGlobalSection
	GlobalSection(ProjectConfigurationPlatforms) = postSolution
		{EE929CC0-27EE-15B0-BCC4-7475CBFA90E2}.Debug|Any CPU.ActiveCfg = Debug|Any CPU
		{EE929CC0-27EE-15B0-BCC4-7475CBFA90E2}.Debug|Any CPU.Build.0 = Debug|Any CPU
		{EE929CC0-27EE-15B0-BCC4-7475CBFA90E2}.Release|Any CPU.ActiveCfg = Release|Any CPU
		{EE929CC0-27EE-15B0-BCC4-7475CBFA90E2}.Release|Any CPU.Build.0 = Release|Any CPU
	EndGlobalSection
	GlobalSection(SolutionProperties) = preSolution
		HideSolutionNode = FALSE
	EndGlobalSection
	GlobalSection(MonoDevelopProperties) = preSolution
		StartupItem = Assembly-CSharp.csproj
	EndGlobalSection
EndGlobal
