Microsoft Visual Studio Solution File, Format Version 11.00
# Visual Studio 2008

Project("{440FECDC-E4BF-C9DB-A19B-AFDB4DD81C4A}") = "3DLander", "Assembly-CSharp.csproj", "{5152D8F2-23B8-747A-FE51-32484FAE42DA}"
EndProject
Global
	GlobalSection(SolutionConfigurationPlatforms) = preSolution
		Debug|Any CPU = Debug|Any CPU
		Release|Any CPU = Release|Any CPU
	EndGlobalSection
	GlobalSection(ProjectConfigurationPlatforms) = postSolution
		{5152D8F2-23B8-747A-FE51-32484FAE42DA}.Debug|Any CPU.ActiveCfg = Debug|Any CPU
		{5152D8F2-23B8-747A-FE51-32484FAE42DA}.Debug|Any CPU.Build.0 = Debug|Any CPU
		{5152D8F2-23B8-747A-FE51-32484FAE42DA}.Release|Any CPU.ActiveCfg = Release|Any CPU
		{5152D8F2-23B8-747A-FE51-32484FAE42DA}.Release|Any CPU.Build.0 = Release|Any CPU
	EndGlobalSection
	GlobalSection(SolutionProperties) = preSolution
		HideSolutionNode = FALSE
	EndGlobalSection
	GlobalSection(MonoDevelopProperties) = preSolution
		StartupItem = Assembly-CSharp.csproj
	EndGlobalSection
EndGlobal
